// !$*UTF8*$!
{
	archiveVersion = 1;
	classes = {
	};
	objectVersion = 46;
	objects = {

/* Begin PBXBuildFile section */
		E9127FDB1D3CC2FF0049A4DF /* main.m in Sources */ = {isa = PBXBuildFile; fileRef = E9127FDA1D3CC2FF0049A4DF /* main.m */; };
		E9127FDE1D3CC2FF0049A4DF /* AppDelegate.m in Sources */ = {isa = PBXBuildFile; fileRef = E9127FDD1D3CC2FF0049A4DF /* AppDelegate.m */; };
		E9127FE41D3CC2FF0049A4DF /* Main.storyboard in Resources */ = {isa = PBXBuildFile; fileRef = E9127FE21D3CC2FF0049A4DF /* Main.storyboard */; };
		E9127FE61D3CC2FF0049A4DF /* Assets.xcassets in Resources */ = {isa = PBXBuildFile; fileRef = E9127FE51D3CC2FF0049A4DF /* Assets.xcassets */; };
		E9127FE91D3CC2FF0049A4DF /* LaunchScreen.storyboard in Resources */ = {isa = PBXBuildFile; fileRef = E9127FE71D3CC2FF0049A4DF /* LaunchScreen.storyboard */; };
		E9127FF41D3CC2FF0049A4DF /* QQDemoTests.m in Sources */ = {isa = PBXBuildFile; fileRef = E9127FF31D3CC2FF0049A4DF /* QQDemoTests.m */; };
		E9127FFF1D3CC2FF0049A4DF /* QQDemoUITests.m in Sources */ = {isa = PBXBuildFile; fileRef = E9127FFE1D3CC2FF0049A4DF /* QQDemoUITests.m */; };
		E912800E1D3CC34E0049A4DF /* JHBaseViewController.m in Sources */ = {isa = PBXBuildFile; fileRef = E912800D1D3CC34E0049A4DF /* JHBaseViewController.m */; };
		E91280111D3CC3620049A4DF /* MainViewController.m in Sources */ = {isa = PBXBuildFile; fileRef = E91280101D3CC3620049A4DF /* MainViewController.m */; };
		E91280211D3CC98F0049A4DF /* JHMainLeftView.m in Sources */ = {isa = PBXBuildFile; fileRef = E91280201D3CC98F0049A4DF /* JHMainLeftView.m */; };
		E91280241D3CD9700049A4DF /* sidebar_bg.jpg in Resources */ = {isa = PBXBuildFile; fileRef = E91280231D3CD9700049A4DF /* sidebar_bg.jpg */; };
		E98E2DB01D3CDD9200AF0C8F /* headimg.jpg in Resources */ = {isa = PBXBuildFile; fileRef = E98E2DAF1D3CDD9200AF0C8F /* headimg.jpg */; };
		E9CD8D201D3D006400218566 /* code.png in Resources */ = {isa = PBXBuildFile; fileRef = E9CD8D1F1D3D006400218566 /* code.png */; };
		E9CD8D221D3D0D3F00218566 /* thirds.png in Resources */ = {isa = PBXBuildFile; fileRef = E9CD8D211D3D0D3F00218566 /* thirds.png */; };
		E9CD8D241D3D0D5A00218566 /* four.png in Resources */ = {isa = PBXBuildFile; fileRef = E9CD8D231D3D0D5A00218566 /* four.png */; };
		E9CD8D261D3D0D7500218566 /* six.png in Resources */ = {isa = PBXBuildFile; fileRef = E9CD8D251D3D0D7500218566 /* six.png */; };
/* End PBXBuildFile section */

/* Begin PBXContainerItemProxy section */
		E9127FF01D3CC2FF0049A4DF /* PBXContainerItemProxy */ = {
			isa = PBXContainerItemProxy;
			containerPortal = E9127FCE1D3CC2FF0049A4DF /* Project object */;
			proxyType = 1;
			remoteGlobalIDString = E9127FD51D3CC2FF0049A4DF;
			remoteInfo = QQDemo;
		};
		E9127FFB1D3CC2FF0049A4DF /* PBXContainerItemProxy */ = {
			isa = PBXContainerItemProxy;
			containerPortal = E9127FCE1D3CC2FF0049A4DF /* Project object */;
			proxyType = 1;
			remoteGlobalIDString = E9127FD51D3CC2FF0049A4DF;
			remoteInfo = QQDemo;
		};
/* End PBXContainerItemProxy section */

/* Begin PBXFileReference section */
		E9127FD61D3CC2FF0049A4DF /* QQDemo.app */ = {isa = PBXFileReference; explicitFileType = wrapper.application; includeInIndex = 0; path = QQDemo.app; sourceTree = BUILT_PRODUCTS_DIR; };
		E9127FDA1D3CC2FF0049A4DF /* main.m */ = {isa = PBXFileReference; lastKnownFileType = sourcecode.c.objc; path = main.m; sourceTree = "<group>"; };
		E9127FDC1D3CC2FF0049A4DF /* AppDelegate.h */ = {isa = PBXFileReference; lastKnownFileType = sourcecode.c.h; name = AppDelegate.h; path = ../../AppDelegate.h; sourceTree = "<group>"; };
		E9127FDD1D3CC2FF0049A4DF /* AppDelegate.m */ = {isa = PBXFileReference; lastKnownFileType = sourcecode.c.objc; name = AppDelegate.m; path = ../../AppDelegate.m; sourceTree = "<group>"; };
		E9127FE31D3CC2FF0049A4DF /* Base */ = {isa = PBXFileReference; lastKnownFileType = file.storyboard; name = Base; path = Base.lproj/Main.storyboard; sourceTree = "<group>"; };
		E9127FE51D3CC2FF0049A4DF /* Assets.xcassets */ = {isa = PBXFileReference; lastKnownFileType = folder.assetcatalog; name = Assets.xcassets; path = ../../Assets.xcassets; sourceTree = "<group>"; };
		E9127FE81D3CC2FF0049A4DF /* Base */ = {isa = PBXFileReference; lastKnownFileType = file.storyboard; name = Base; path = Base.lproj/LaunchScreen.storyboard; sourceTree = "<group>"; };
		E9127FEA1D3CC2FF0049A4DF /* Info.plist */ = {isa = PBXFileReference; lastKnownFileType = text.plist.xml; name = Info.plist; path = ../../Info.plist; sourceTree = "<group>"; };
		E9127FEF1D3CC2FF0049A4DF /* QQDemoTests.xctest */ = {isa = PBXFileReference; explicitFileType = wrapper.cfbundle; includeInIndex = 0; path = QQDemoTests.xctest; sourceTree = BUILT_PRODUCTS_DIR; };
		E9127FF31D3CC2FF0049A4DF /* QQDemoTests.m */ = {isa = PBXFileReference; lastKnownFileType = sourcecode.c.objc; path = QQDemoTests.m; sourceTree = "<group>"; };
		E9127FF51D3CC2FF0049A4DF /* Info.plist */ = {isa = PBXFileReference; lastKnownFileType = text.plist.xml; path = Info.plist; sourceTree = "<group>"; };
		E9127FFA1D3CC2FF0049A4DF /* QQDemoUITests.xctest */ = {isa = PBXFileReference; explicitFileType = wrapper.cfbundle; includeInIndex = 0; path = QQDemoUITests.xctest; sourceTree = BUILT_PRODUCTS_DIR; };
		E9127FFE1D3CC2FF0049A4DF /* QQDemoUITests.m */ = {isa = PBXFileReference; lastKnownFileType = sourcecode.c.objc; path = QQDemoUITests.m; sourceTree = "<group>"; };
		E91280001D3CC2FF0049A4DF /* Info.plist */ = {isa = PBXFileReference; lastKnownFileType = text.plist.xml; path = Info.plist; sourceTree = "<group>"; };
		E912800C1D3CC34E0049A4DF /* JHBaseViewController.h */ = {isa = PBXFileReference; fileEncoding = 4; lastKnownFileType = sourcecode.c.h; name = JHBaseViewController.h; path = ../../../../JHBaseViewController.h; sourceTree = "<group>"; };
		E912800D1D3CC34E0049A4DF /* JHBaseViewController.m */ = {isa = PBXFileReference; fileEncoding = 4; lastKnownFileType = sourcecode.c.objc; name = JHBaseViewController.m; path = ../../../../JHBaseViewController.m; sourceTree = "<group>"; };
		E912800F1D3CC3620049A4DF /* MainViewController.h */ = {isa = PBXFileReference; fileEncoding = 4; lastKnownFileType = sourcecode.c.h; name = MainViewController.h; path = ../../../../MainViewController.h; sourceTree = "<group>"; };
		E91280101D3CC3620049A4DF /* MainViewController.m */ = {isa = PBXFileReference; fileEncoding = 4; lastKnownFileType = sourcecode.c.objc; name = MainViewController.m; path = ../../../../MainViewController.m; sourceTree = "<group>"; };
		E91280121D3CC4900049A4DF /* JHQQDEMOPCH.pch */ = {isa = PBXFileReference; lastKnownFileType = sourcecode.c.h; name = JHQQDEMOPCH.pch; path = ../../JHQQDEMOPCH.pch; sourceTree = "<group>"; };
		E912801F1D3CC98F0049A4DF /* JHMainLeftView.h */ = {isa = PBXFileReference; fileEncoding = 4; lastKnownFileType = sourcecode.c.h; path = JHMainLeftView.h; sourceTree = "<group>"; };
		E91280201D3CC98F0049A4DF /* JHMainLeftView.m */ = {isa = PBXFileReference; fileEncoding = 4; lastKnownFileType = sourcecode.c.objc; path = JHMainLeftView.m; sourceTree = "<group>"; };
		E91280231D3CD9700049A4DF /* sidebar_bg.jpg */ = {isa = PBXFileReference; lastKnownFileType = image.jpeg; path = sidebar_bg.jpg; sourceTree = "<group>"; };
		E98E2DAF1D3CDD9200AF0C8F /* headimg.jpg */ = {isa = PBXFileReference; lastKnownFileType = image.jpeg; path = headimg.jpg; sourceTree = "<group>"; };
		E9CD8D1F1D3D006400218566 /* code.png */ = {isa = PBXFileReference; lastKnownFileType = image.png; path = code.png; sourceTree = "<group>"; };
		E9CD8D211D3D0D3F00218566 /* thirds.png */ = {isa = PBXFileReference; lastKnownFileType = image.png; path = thirds.png; sourceTree = "<group>"; };
		E9CD8D231D3D0D5A00218566 /* four.png */ = {isa = PBXFileReference; lastKnownFileType = image.png; path = four.png; sourceTree = "<group>"; };
		E9CD8D251D3D0D7500218566 /* six.png */ = {isa = PBXFileReference; lastKnownFileType = image.png; path = six.png; sourceTree = "<group>"; };
/* End PBXFileReference section */

/* Begin PBXFrameworksBuildPhase section */
		E9127FD31D3CC2FF0049A4DF /* Frameworks */ = {
			isa = PBXFrameworksBuildPhase;
			buildActionMask = 2147483647;
			files = (
			);
			runOnlyForDeploymentPostprocessing = 0;
		};
		E9127FEC1D3CC2FF0049A4DF /* Frameworks */ = {
			isa = PBXFrameworksBuildPhase;
			buildActionMask = 2147483647;
			files = (
			);
			runOnlyForDeploymentPostprocessing = 0;
		};
		E9127FF71D3CC2FF0049A4DF /* Frameworks */ = {
			isa = PBXFrameworksBuildPhase;
			buildActionMask = 2147483647;
			files = (
			);
			runOnlyForDeploymentPostprocessing = 0;
		};
/* End PBXFrameworksBuildPhase section */

/* Begin PBXGroup section */
		E9127FCD1D3CC2FF0049A4DF = {
			isa = PBXGroup;
			children = (
				E9127FD81D3CC2FF0049A4DF /* QQDemo */,
				E9127FF21D3CC2FF0049A4DF /* QQDemoTests */,
				E9127FFD1D3CC2FF0049A4DF /* QQDemoUITests */,
				E9127FD71D3CC2FF0049A4DF /* Products */,
			);
			sourceTree = "<group>";
		};
		E9127FD71D3CC2FF0049A4DF /* Products */ = {
			isa = PBXGroup;
			children = (
				E9127FD61D3CC2FF0049A4DF /* QQDemo.app */,
				E9127FEF1D3CC2FF0049A4DF /* QQDemoTests.xctest */,
				E9127FFA1D3CC2FF0049A4DF /* QQDemoUITests.xctest */,
			);
			name = Products;
			sourceTree = "<group>";
		};
		E9127FD81D3CC2FF0049A4DF /* QQDemo */ = {
			isa = PBXGroup;
			children = (
				E91280131D3CC8800049A4DF /* Resource */,
				E9127FD91D3CC2FF0049A4DF /* Supporting Files */,
			);
			path = QQDemo;
			sourceTree = "<group>";
		};
		E9127FD91D3CC2FF0049A4DF /* Supporting Files */ = {
			isa = PBXGroup;
			children = (
				E9127FDA1D3CC2FF0049A4DF /* main.m */,
			);
			name = "Supporting Files";
			sourceTree = "<group>";
		};
		E9127FF21D3CC2FF0049A4DF /* QQDemoTests */ = {
			isa = PBXGroup;
			children = (
				E9127FF31D3CC2FF0049A4DF /* QQDemoTests.m */,
				E9127FF51D3CC2FF0049A4DF /* Info.plist */,
			);
			path = QQDemoTests;
			sourceTree = "<group>";
		};
		E9127FFD1D3CC2FF0049A4DF /* QQDemoUITests */ = {
			isa = PBXGroup;
			children = (
				E9127FFE1D3CC2FF0049A4DF /* QQDemoUITests.m */,
				E91280001D3CC2FF0049A4DF /* Info.plist */,
			);
			path = QQDemoUITests;
			sourceTree = "<group>";
		};
		E91280131D3CC8800049A4DF /* Resource */ = {
			isa = PBXGroup;
			children = (
				E91280221D3CD96A0049A4DF /* Icon */,
				E91280161D3CC8A70049A4DF /* Others */,
				E91280151D3CC89E0049A4DF /* MVC */,
				E91280141D3CC8920049A4DF /* Tools */,
			);
			path = Resource;
			sourceTree = "<group>";
		};
		E91280141D3CC8920049A4DF /* Tools */ = {
			isa = PBXGroup;
			children = (
			);
			path = Tools;
			sourceTree = "<group>";
		};
		E91280151D3CC89E0049A4DF /* MVC */ = {
			isa = PBXGroup;
			children = (
				E912801B1D3CC90D0049A4DF /* MainMVC */,
				E91280171D3CC9020049A4DF /* BaseMVC */,
			);
			path = MVC;
			sourceTree = "<group>";
		};
		E91280161D3CC8A70049A4DF /* Others */ = {
			isa = PBXGroup;
			children = (
				E91280121D3CC4900049A4DF /* JHQQDEMOPCH.pch */,
				E9127FDC1D3CC2FF0049A4DF /* AppDelegate.h */,
				E9127FDD1D3CC2FF0049A4DF /* AppDelegate.m */,
				E9127FE21D3CC2FF0049A4DF /* Main.storyboard */,
				E9127FE51D3CC2FF0049A4DF /* Assets.xcassets */,
				E9127FE71D3CC2FF0049A4DF /* LaunchScreen.storyboard */,
				E9127FEA1D3CC2FF0049A4DF /* Info.plist */,
			);
			path = Others;
			sourceTree = "<group>";
		};
		E91280171D3CC9020049A4DF /* BaseMVC */ = {
			isa = PBXGroup;
			children = (
				E91280181D3CC9020049A4DF /* Controllers */,
				E91280191D3CC9020049A4DF /* Models */,
				E912801A1D3CC9020049A4DF /* Views */,
			);
			path = BaseMVC;
			sourceTree = "<group>";
		};
		E91280181D3CC9020049A4DF /* Controllers */ = {
			isa = PBXGroup;
			children = (
				E912800C1D3CC34E0049A4DF /* JHBaseViewController.h */,
				E912800D1D3CC34E0049A4DF /* JHBaseViewController.m */,
			);
			path = Controllers;
			sourceTree = "<group>";
		};
		E91280191D3CC9020049A4DF /* Models */ = {
			isa = PBXGroup;
			children = (
			);
			path = Models;
			sourceTree = "<group>";
		};
		E912801A1D3CC9020049A4DF /* Views */ = {
			isa = PBXGroup;
			children = (
			);
			path = Views;
			sourceTree = "<group>";
		};
		E912801B1D3CC90D0049A4DF /* MainMVC */ = {
			isa = PBXGroup;
			children = (
				E912801C1D3CC90D0049A4DF /* Controllers */,
				E912801D1D3CC90D0049A4DF /* Models */,
				E912801E1D3CC90D0049A4DF /* Views */,
			);
			path = MainMVC;
			sourceTree = "<group>";
		};
		E912801C1D3CC90D0049A4DF /* Controllers */ = {
			isa = PBXGroup;
			children = (
				E912800F1D3CC3620049A4DF /* MainViewController.h */,
				E91280101D3CC3620049A4DF /* MainViewController.m */,
			);
			path = Controllers;
			sourceTree = "<group>";
		};
		E912801D1D3CC90D0049A4DF /* Models */ = {
			isa = PBXGroup;
			children = (
			);
			path = Models;
			sourceTree = "<group>";
		};
		E912801E1D3CC90D0049A4DF /* Views */ = {
			isa = PBXGroup;
			children = (
				E912801F1D3CC98F0049A4DF /* JHMainLeftView.h */,
				E91280201D3CC98F0049A4DF /* JHMainLeftView.m */,
			);
			path = Views;
			sourceTree = "<group>";
		};
		E91280221D3CD96A0049A4DF /* Icon */ = {
			isa = PBXGroup;
			children = (
				E9CD8D251D3D0D7500218566 /* six.png */,
				E9CD8D231D3D0D5A00218566 /* four.png */,
				E9CD8D211D3D0D3F00218566 /* thirds.png */,
				E98E2DAF1D3CDD9200AF0C8F /* headimg.jpg */,
				E9CD8D1F1D3D006400218566 /* code.png */,
				E91280231D3CD9700049A4DF /* sidebar_bg.jpg */,
			);
			path = Icon;
			sourceTree = "<group>";
		};
/* End PBXGroup section */

/* Begin PBXNativeTarget section */
		E9127FD51D3CC2FF0049A4DF /* QQDemo */ = {
			isa = PBXNativeTarget;
			buildConfigurationList = E91280031D3CC2FF0049A4DF /* Build configuration list for PBXNativeTarget "QQDemo" */;
			buildPhases = (
				E9127FD21D3CC2FF0049A4DF /* Sources */,
				E9127FD31D3CC2FF0049A4DF /* Frameworks */,
				E9127FD41D3CC2FF0049A4DF /* Resources */,
			);
			buildRules = (
			);
			dependencies = (
			);
			name = QQDemo;
			productName = QQDemo;
			productReference = E9127FD61D3CC2FF0049A4DF /* QQDemo.app */;
			productType = "com.apple.product-type.application";
		};
		E9127FEE1D3CC2FF0049A4DF /* QQDemoTests */ = {
			isa = PBXNativeTarget;
			buildConfigurationList = E91280061D3CC2FF0049A4DF /* Build configuration list for PBXNativeTarget "QQDemoTests" */;
			buildPhases = (
				E9127FEB1D3CC2FF0049A4DF /* Sources */,
				E9127FEC1D3CC2FF0049A4DF /* Frameworks */,
				E9127FED1D3CC2FF0049A4DF /* Resources */,
			);
			buildRules = (
			);
			dependencies = (
				E9127FF11D3CC2FF0049A4DF /* PBXTargetDependency */,
			);
			name = QQDemoTests;
			productName = QQDemoTests;
			productReference = E9127FEF1D3CC2FF0049A4DF /* QQDemoTests.xctest */;
			productType = "com.apple.product-type.bundle.unit-test";
		};
		E9127FF91D3CC2FF0049A4DF /* QQDemoUITests */ = {
			isa = PBXNativeTarget;
			buildConfigurationList = E91280091D3CC2FF0049A4DF /* Build configuration list for PBXNativeTarget "QQDemoUITests" */;
			buildPhases = (
				E9127FF61D3CC2FF0049A4DF /* Sources */,
				E9127FF71D3CC2FF0049A4DF /* Frameworks */,
				E9127FF81D3CC2FF0049A4DF /* Resources */,
			);
			buildRules = (
			);
			dependencies = (
				E9127FFC1D3CC2FF0049A4DF /* PBXTargetDependency */,
			);
			name = QQDemoUITests;
			productName = QQDemoUITests;
			productReference = E9127FFA1D3CC2FF0049A4DF /* QQDemoUITests.xctest */;
			productType = "com.apple.product-type.bundle.ui-testing";
		};
/* End PBXNativeTarget section */

/* Begin PBXProject section */
		E9127FCE1D3CC2FF0049A4DF /* Project object */ = {
			isa = PBXProject;
			attributes = {
				LastUpgradeCheck = 0720;
				ORGANIZATIONNAME = codingMan;
				TargetAttributes = {
					E9127FD51D3CC2FF0049A4DF = {
						CreatedOnToolsVersion = 7.2.1;
					};
					E9127FEE1D3CC2FF0049A4DF = {
						CreatedOnToolsVersion = 7.2.1;
						TestTargetID = E9127FD51D3CC2FF0049A4DF;
					};
					E9127FF91D3CC2FF0049A4DF = {
						CreatedOnToolsVersion = 7.2.1;
						TestTargetID = E9127FD51D3CC2FF0049A4DF;
					};
				};
			};
			buildConfigurationList = E9127FD11D3CC2FF0049A4DF /* Build configuration list for PBXProject "QQDemo" */;
			compatibilityVersion = "Xcode 3.2";
			developmentRegion = English;
			hasScannedForEncodings = 0;
			knownRegions = (
				en,
				Base,
			);
			mainGroup = E9127FCD1D3CC2FF0049A4DF;
			productRefGroup = E9127FD71D3CC2FF0049A4DF /* Products */;
			projectDirPath = "";
			projectRoot = "";
			targets = (
				E9127FD51D3CC2FF0049A4DF /* QQDemo */,
				E9127FEE1D3CC2FF0049A4DF /* QQDemoTests */,
				E9127FF91D3CC2FF0049A4DF /* QQDemoUITests */,
			);
		};
/* End PBXProject section */

/* Begin PBXResourcesBuildPhase section */
		E9127FD41D3CC2FF0049A4DF /* Resources */ = {
			isa = PBXResourcesBuildPhase;
			buildActionMask = 2147483647;
			files = (
				E9CD8D261D3D0D7500218566 /* six.png in Resources */,
				E9127FE91D3CC2FF0049A4DF /* LaunchScreen.storyboard in Resources */,
				E98E2DB01D3CDD9200AF0C8F /* headimg.jpg in Resources */,
				E9CD8D201D3D006400218566 /* code.png in Resources */,
				E9127FE61D3CC2FF0049A4DF /* Assets.xcassets in Resources */,
				E9CD8D221D3D0D3F00218566 /* thirds.png in Resources */,
				E9127FE41D3CC2FF0049A4DF /* Main.storyboard in Resources */,
				E91280241D3CD9700049A4DF /* sidebar_bg.jpg in Resources */,
				E9CD8D241D3D0D5A00218566 /* four.png in Resources */,
			);
			runOnlyForDeploymentPostprocessing = 0;
		};
		E9127FED1D3CC2FF0049A4DF /* Resources */ = {
			isa = PBXResourcesBuildPhase;
			buildActionMask = 2147483647;
			files = (
			);
			runOnlyForDeploymentPostprocessing = 0;
		};
		E9127FF81D3CC2FF0049A4DF /* Resources */ = {
			isa = PBXResourcesBuildPhase;
			buildActionMask = 2147483647;
			files = (
			);
			runOnlyForDeploymentPostprocessing = 0;
		};
/* End PBXResourcesBuildPhase section */

/* Begin PBXSourcesBuildPhase section */
		E9127FD21D3CC2FF0049A4DF /* Sources */ = {
			isa = PBXSourcesBuildPhase;
			buildActionMask = 2147483647;
			files = (
				E9127FDE1D3CC2FF0049A4DF /* AppDelegate.m in Sources */,
				E9127FDB1D3CC2FF0049A4DF /* main.m in Sources */,
				E91280211D3CC98F0049A4DF /* JHMainLeftView.m in Sources */,
				E912800E1D3CC34E0049A4DF /* JHBaseViewController.m in Sources */,
				E91280111D3CC3620049A4DF /* MainViewController.m in Sources */,
			);
			runOnlyForDeploymentPostprocessing = 0;
		};
		E9127FEB1D3CC2FF0049A4DF /* Sources */ = {
			isa = PBXSourcesBuildPhase;
			buildActionMask = 2147483647;
			files = (
				E9127FF41D3CC2FF0049A4DF /* QQDemoTests.m in Sources */,
			);
			runOnlyForDeploymentPostprocessing = 0;
		};
		E9127FF61D3CC2FF0049A4DF /* Sources */ = {
			isa = PBXSourcesBuildPhase;
			buildActionMask = 2147483647;
			files = (
				E9127FFF1D3CC2FF0049A4DF /* QQDemoUITests.m in Sources */,
			);
			runOnlyForDeploymentPostprocessing = 0;
		};
/* End PBXSourcesBuildPhase section */

/* Begin PBXTargetDependency section */
		E9127FF11D3CC2FF0049A4DF /* PBXTargetDependency */ = {
			isa = PBXTargetDependency;
			target = E9127FD51D3CC2FF0049A4DF /* QQDemo */;
			targetProxy = E9127FF01D3CC2FF0049A4DF /* PBXContainerItemProxy */;
		};
		E9127FFC1D3CC2FF0049A4DF /* PBXTargetDependency */ = {
			isa = PBXTargetDependency;
			target = E9127FD51D3CC2FF0049A4DF /* QQDemo */;
			targetProxy = E9127FFB1D3CC2FF0049A4DF /* PBXContainerItemProxy */;
		};
/* End PBXTargetDependency section */

/* Begin PBXVariantGroup section */
		E9127FE21D3CC2FF0049A4DF /* Main.storyboard */ = {
			isa = PBXVariantGroup;
			children = (
				E9127FE31D3CC2FF0049A4DF /* Base */,
			);
			name = Main.storyboard;
			path = ../..;
			sourceTree = "<group>";
		};
		E9127FE71D3CC2FF0049A4DF /* LaunchScreen.storyboard */ = {
			isa = PBXVariantGroup;
			children = (
				E9127FE81D3CC2FF0049A4DF /* Base */,
			);
			name = LaunchScreen.storyboard;
			path = ../..;
			sourceTree = "<group>";
		};
/* End PBXVariantGroup section */

/* Begin XCBuildConfiguration section */
		E91280011D3CC2FF0049A4DF /* Debug */ = {
			isa = XCBuildConfiguration;
			buildSettings = {
				ALWAYS_SEARCH_USER_PATHS = NO;
				CLANG_CXX_LANGUAGE_STANDARD = "gnu++0x";
				CLANG_CXX_LIBRARY = "libc++";
				CLANG_ENABLE_MODULES = YES;
				CLANG_ENABLE_OBJC_ARC = YES;
				CLANG_WARN_BOOL_CONVERSION = YES;
				CLANG_WARN_CONSTANT_CONVERSION = YES;
				CLANG_WARN_DIRECT_OBJC_ISA_USAGE = YES_ERROR;
				CLANG_WARN_EMPTY_BODY = YES;
				CLANG_WARN_ENUM_CONVERSION = YES;
				CLANG_WARN_INT_CONVERSION = YES;
				CLANG_WARN_OBJC_ROOT_CLASS = YES_ERROR;
				CLANG_WARN_UNREACHABLE_CODE = YES;
				CLANG_WARN__DUPLICATE_METHOD_MATCH = YES;
				"CODE_SIGN_IDENTITY[sdk=iphoneos*]" = "iPhone Developer";
				COPY_PHASE_STRIP = NO;
				DEBUG_INFORMATION_FORMAT = dwarf;
				ENABLE_STRICT_OBJC_MSGSEND = YES;
				ENABLE_TESTABILITY = YES;
				GCC_C_LANGUAGE_STANDARD = gnu99;
				GCC_DYNAMIC_NO_PIC = NO;
				GCC_NO_COMMON_BLOCKS = YES;
				GCC_OPTIMIZATION_LEVEL = 0;
				GCC_PREPROCESSOR_DEFINITIONS = (
					"DEBUG=1",
					"$(inherited)",
				);
				GCC_WARN_64_TO_32_BIT_CONVERSION = YES;
				GCC_WARN_ABOUT_RETURN_TYPE = YES_ERROR;
				GCC_WARN_UNDECLARED_SELECTOR = YES;
				GCC_WARN_UNINITIALIZED_AUTOS = YES_AGGRESSIVE;
				GCC_WARN_UNUSED_FUNCTION = YES;
				GCC_WARN_UNUSED_VARIABLE = YES;
				IPHONEOS_DEPLOYMENT_TARGET = 9.2;
				MTL_ENABLE_DEBUG_INFO = YES;
				ONLY_ACTIVE_ARCH = YES;
				SDKROOT = iphoneos;
			};
			name = Debug;
		};
		E91280021D3CC2FF0049A4DF /* Release */ = {
			isa = XCBuildConfiguration;
			buildSettings = {
				ALWAYS_SEARCH_USER_PATHS = NO;
				CLANG_CXX_LANGUAGE_STANDARD = "gnu++0x";
				CLANG_CXX_LIBRARY = "libc++";
				CLANG_ENABLE_MODULES = YES;
				CLANG_ENABLE_OBJC_ARC = YES;
				CLANG_WARN_BOOL_CONVERSION = YES;
				CLANG_WARN_CONSTANT_CONVERSION = YES;
				CLANG_WARN_DIRECT_OBJC_ISA_USAGE = YES_ERROR;
				CLANG_WARN_EMPTY_BODY = YES;
				CLANG_WARN_ENUM_CONVERSION = YES;
				CLANG_WARN_INT_CONVERSION = YES;
				CLANG_WARN_OBJC_ROOT_CLASS = YES_ERROR;
				CLANG_WARN_UNREACHABLE_CODE = YES;
				CLANG_WARN__DUPLICATE_METHOD_MATCH = YES;
				"CODE_SIGN_IDENTITY[sdk=iphoneos*]" = "iPhone Developer";
				COPY_PHASE_STRIP = NO;
				DEBUG_INFORMATION_FORMAT = "dwarf-with-dsym";
				ENABLE_NS_ASSERTIONS = NO;
				ENABLE_STRICT_OBJC_MSGSEND = YES;
				GCC_C_LANGUAGE_STANDARD = gnu99;
				GCC_NO_COMMON_BLOCKS = YES;
				GCC_WARN_64_TO_32_BIT_CONVERSION = YES;
				GCC_WARN_ABOUT_RETURN_TYPE = YES_ERROR;
				GCC_WARN_UNDECLARED_SELECTOR = YES;
				GCC_WARN_UNINITIALIZED_AUTOS = YES_AGGRESSIVE;
				GCC_WARN_UNUSED_FUNCTION = YES;
				GCC_WARN_UNUSED_VARIABLE = YES;
				IPHONEOS_DEPLOYMENT_TARGET = 9.2;
				MTL_ENABLE_DEBUG_INFO = NO;
				SDKROOT = iphoneos;
				VALIDATE_PRODUCT = YES;
			};
			name = Release;
		};
		E91280041D3CC2FF0049A4DF /* Debug */ = {
			isa = XCBuildConfiguration;
			buildSettings = {
				ASSETCATALOG_COMPILER_APPICON_NAME = AppIcon;
				GCC_PREFIX_HEADER = "$(SRCROOT)/QQDemo/JHQQDEMOPCH.pch";
				INFOPLIST_FILE = QQDemo/Info.plist;
				LD_RUNPATH_SEARCH_PATHS = "$(inherited) @executable_path/Frameworks";
				PRODUCT_BUNDLE_IDENTIFIER = jianhao.QQDemo;
				PRODUCT_NAME = "$(TARGET_NAME)";
			};
			name = Debug;
		};
		E91280051D3CC2FF0049A4DF /* Release */ = {
			isa = XCBuildConfiguration;
			buildSettings = {
				ASSETCATALOG_COMPILER_APPICON_NAME = AppIcon;
				GCC_PREFIX_HEADER = "$(SRCROOT)/QQDemo/JHQQDEMOPCH.pch";
				INFOPLIST_FILE = QQDemo/Info.plist;
				LD_RUNPATH_SEARCH_PATHS = "$(inherited) @executable_path/Frameworks";
				PRODUCT_BUNDLE_IDENTIFIER = jianhao.QQDemo;
				PRODUCT_NAME = "$(TARGET_NAME)";
			};
			name = Release;
		};
		E91280071D3CC2FF0049A4DF /* Debug */ = {
			isa = XCBuildConfiguration;
			buildSettings = {
				BUNDLE_LOADER = "$(TEST_HOST)";
				INFOPLIST_FILE = QQDemoTests/Info.plist;
				LD_RUNPATH_SEARCH_PATHS = "$(inherited) @executable_path/Frameworks @loader_path/Frameworks";
				PRODUCT_BUNDLE_IDENTIFIER = jianhao.QQDemoTests;
				PRODUCT_NAME = "$(TARGET_NAME)";
				TEST_HOST = "$(BUILT_PRODUCTS_DIR)/QQDemo.app/QQDemo";
			};
			name = Debug;
		};
		E91280081D3CC2FF0049A4DF /* Release */ = {
			isa = XCBuildConfiguration;
			buildSettings = {
				BUNDLE_LOADER = "$(TEST_HOST)";
				INFOPLIST_FILE = QQDemoTests/Info.plist;
				LD_RUNPATH_SEARCH_PATHS = "$(inherited) @executable_path/Frameworks @loader_path/Frameworks";
				PRODUCT_BUNDLE_IDENTIFIER = jianhao.QQDemoTests;
				PRODUCT_NAME = "$(TARGET_NAME)";
				TEST_HOST = "$(BUILT_PRODUCTS_DIR)/QQDemo.app/QQDemo";
			};
			name = Release;
		};
		E912800A1D3CC2FF0049A4DF /* Debug */ = {
			isa = XCBuildConfiguration;
			buildSettings = {
				INFOPLIST_FILE = QQDemoUITests/Info.plist;
				LD_RUNPATH_SEARCH_PATHS = "$(inherited) @executable_path/Frameworks @loader_path/Frameworks";
				PRODUCT_BUNDLE_IDENTIFIER = jianhao.QQDemoUITests;
				PRODUCT_NAME = "$(TARGET_NAME)";
				TEST_TARGET_NAME = QQDemo;
				USES_XCTRUNNER = YES;
			};
			name = Debug;
		};
		E912800B1D3CC2FF0049A4DF /* Release */ = {
			isa = XCBuildConfiguration;
			buildSettings = {
				INFOPLIST_FILE = QQDemoUITests/Info.plist;
				LD_RUNPATH_SEARCH_PATHS = "$(inherited) @executable_path/Frameworks @loader_path/Frameworks";
				PRODUCT_BUNDLE_IDENTIFIER = jianhao.QQDemoUITests;
				PRODUCT_NAME = "$(TARGET_NAME)";
				TEST_TARGET_NAME = QQDemo;
				USES_XCTRUNNER = YES;
			};
			name = Release;
		};
/* End XCBuildConfiguration section */

/* Begin XCConfigurationList section */
		E9127FD11D3CC2FF0049A4DF /* Build configuration list for PBXProject "QQDemo" */ = {
			isa = XCConfigurationList;
			buildConfigurations = (
				E91280011D3CC2FF0049A4DF /* Debug */,
				E91280021D3CC2FF0049A4DF /* Release */,
			);
			defaultConfigurationIsVisible = 0;
			defaultConfigurationName = Release;
		};
		E91280031D3CC2FF0049A4DF /* Build configuration list for PBXNativeTarget "QQDemo" */ = {
			isa = XCConfigurationList;
			buildConfigurations = (
				E91280041D3CC2FF0049A4DF /* Debug */,
				E91280051D3CC2FF0049A4DF /* Release */,
			);
			defaultConfigurationIsVisible = 0;
			defaultConfigurationName = Release;
		};
		E91280061D3CC2FF0049A4DF /* Build configuration list for PBXNativeTarget "QQDemoTests" */ = {
			isa = XCConfigurationList;
			buildConfigurations = (
				E91280071D3CC2FF0049A4DF /* Debug */,
				E91280081D3CC2FF0049A4DF /* Release */,
			);
			defaultConfigurationIsVisible = 0;
			defaultConfigurationName = Release;
		};
		E91280091D3CC2FF0049A4DF /* Build configuration list for PBXNativeTarget "QQDemoUITests" */ = {
			isa = XCConfigurationList;
			buildConfigurations = (
				E912800A1D3CC2FF0049A4DF /* Debug */,
				E912800B1D3CC2FF0049A4DF /* Release */,
			);
			defaultConfigurationIsVisible = 0;
			defaultConfigurationName = Release;
		};
/* End XCConfigurationList section */
	};
	rootObject = E9127FCE1D3CC2FF0049A4DF /* Project object */;
}
